
Microsoft Visual Studio Solution File, Format Version 12.00
# Visual Studio Version 17
VisualStudioVersion = 17.11.35327.3
MinimumVisualStudioVersion = 10.0.40219.1
Project("{FAE04EC0-301F-11D3-BF4B-00C04F79EFBC}") = "Lenguaje Miroslava", "Lenguaje Miroslava\Lenguaje Miroslava.csproj", "{07EBBED6-291F-4781-9D5E-7438C4029916}"
EndProject
Global
	GlobalSection(SolutionConfigurationPlatforms) = preSolution
		Debug|Any CPU = Debug|Any CPU
		Release|Any CPU = Release|Any CPU
	EndGlobalSection
	GlobalSection(ProjectConfigurationPlatforms) = postSolution
		{07EBBED6-291F-4781-9D5E-7438C4029916}.Debug|Any CPU.ActiveCfg = Debug|Any CPU
		{07EBBED6-291F-4781-9D5E-7438C4029916}.Debug|Any CPU.Build.0 = Debug|Any CPU
		{07EBBED6-291F-4781-9D5E-7438C4029916}.Release|Any CPU.ActiveCfg = Release|Any CPU
		{07EBBED6-291F-4781-9D5E-7438C4029916}.Release|Any CPU.Build.0 = Release|Any CPU
	EndGlobalSection
	GlobalSection(SolutionProperties) = preSolution
		HideSolutionNode = FALSE
	EndGlobalSection
	GlobalSection(ExtensibilityGlobals) = postSolution
		SolutionGuid = {E4F182EA-F95A-4747-86FA-56BD62087850}
	EndGlobalSection
EndGlobal
